
Microsoft Visual Studio Solution File, Format Version 12.00
# Visual Studio Version 16
VisualStudioVersion = 16.0.31911.196
MinimumVisualStudioVersion = 10.0.40219.1
Project("{FAE04EC0-301F-11D3-BF4B-00C04F79EFBC}") = "PopupsTutorial.Android", "PopupsTutorial.Android\PopupsTutorial.Android.csproj", "{91463911-D62B-472E-8887-2E336027611B}"
EndProject
Project("{FAE04EC0-301F-11D3-BF4B-00C04F79EFBC}") = "PopupsTutorial.iOS", "PopupsTutorial.iOS\PopupsTutorial.iOS.csproj", "{46427D7D-B65C-4B22-97B9-1EC0E160457C}"
EndProject
Project("{FAE04EC0-301F-11D3-BF4B-00C04F79EFBC}") = "PopupsTutorial", "PopupsTutorial\PopupsTutorial.csproj", "{9F1463C5-41CF-4B49-A1C3-F234B1A9F0F4}"
EndProject
Global
	GlobalSection(SolutionConfigurationPlatforms) = preSolution
		Debug|Any CPU = Debug|Any CPU
		Debug|iPhone = Debug|iPhone
		Debug|iPhoneSimulator = Debug|iPhoneSimulator
		Release|Any CPU = Release|Any CPU
		Release|iPhone = Release|iPhone
		Release|iPhoneSimulator = Release|iPhoneSimulator
	EndGlobalSection
	GlobalSection(ProjectConfigurationPlatforms) = postSolution
		{91463911-D62B-472E-8887-2E336027611B}.Debug|Any CPU.ActiveCfg = Debug|Any CPU
		{91463911-D62B-472E-8887-2E336027611B}.Debug|Any CPU.Build.0 = Debug|Any CPU
		{91463911-D62B-472E-8887-2E336027611B}.Debug|Any CPU.Deploy.0 = Debug|Any CPU
		{91463911-D62B-472E-8887-2E336027611B}.Debug|iPhone.ActiveCfg = Debug|Any CPU
		{91463911-D62B-472E-8887-2E336027611B}.Debug|iPhone.Build.0 = Debug|Any CPU
		{91463911-D62B-472E-8887-2E336027611B}.Debug|iPhone.Deploy.0 = Debug|Any CPU
		{91463911-D62B-472E-8887-2E336027611B}.Debug|iPhoneSimulator.ActiveCfg = Debug|Any CPU
		{91463911-D62B-472E-8887-2E336027611B}.Debug|iPhoneSimulator.Build.0 = Debug|Any CPU
		{91463911-D62B-472E-8887-2E336027611B}.Debug|iPhoneSimulator.Deploy.0 = Debug|Any CPU
		{91463911-D62B-472E-8887-2E336027611B}.Release|Any CPU.ActiveCfg = Release|Any CPU
		{91463911-D62B-472E-8887-2E336027611B}.Release|Any CPU.Build.0 = Release|Any CPU
		{91463911-D62B-472E-8887-2E336027611B}.Release|Any CPU.Deploy.0 = Release|Any CPU
		{91463911-D62B-472E-8887-2E336027611B}.Release|iPhone.ActiveCfg = Release|Any CPU
		{91463911-D62B-472E-8887-2E336027611B}.Release|iPhone.Build.0 = Release|Any CPU
		{91463911-D62B-472E-8887-2E336027611B}.Release|iPhone.Deploy.0 = Release|Any CPU
		{91463911-D62B-472E-8887-2E336027611B}.Release|iPhoneSimulator.ActiveCfg = Release|Any CPU
		{91463911-D62B-472E-8887-2E336027611B}.Release|iPhoneSimulator.Build.0 = Release|Any CPU
		{91463911-D62B-472E-8887-2E336027611B}.Release|iPhoneSimulator.Deploy.0 = Release|Any CPU
		{46427D7D-B65C-4B22-97B9-1EC0E160457C}.Debug|Any CPU.ActiveCfg = Debug|iPhone
		{46427D7D-B65C-4B22-97B9-1EC0E160457C}.Debug|Any CPU.Build.0 = Debug|iPhone
		{46427D7D-B65C-4B22-97B9-1EC0E160457C}.Debug|Any CPU.Deploy.0 = Debug|iPhone
		{46427D7D-B65C-4B22-97B9-1EC0E160457C}.Debug|iPhone.ActiveCfg = Debug|iPhone
		{46427D7D-B65C-4B22-97B9-1EC0E160457C}.Debug|iPhone.Build.0 = Debug|iPhone
		{46427D7D-B65C-4B22-97B9-1EC0E160457C}.Debug|iPhone.Deploy.0 = Debug|iPhone
		{46427D7D-B65C-4B22-97B9-1EC0E160457C}.Debug|iPhoneSimulator.ActiveCfg = Debug|iPhoneSimulator
		{46427D7D-B65C-4B22-97B9-1EC0E160457C}.Debug|iPhoneSimulator.Build.0 = Debug|iPhoneSimulator
		{46427D7D-B65C-4B22-97B9-1EC0E160457C}.Debug|iPhoneSimulator.Deploy.0 = Debug|iPhoneSimulator
		{46427D7D-B65C-4B22-97B9-1EC0E160457C}.Release|Any CPU.ActiveCfg = Release|iPhoneSimulator
		{46427D7D-B65C-4B22-97B9-1EC0E160457C}.Release|Any CPU.Build.0 = Release|iPhoneSimulator
		{46427D7D-B65C-4B22-97B9-1EC0E160457C}.Release|Any CPU.Deploy.0 = Release|iPhoneSimulator
		{46427D7D-B65C-4B22-97B9-1EC0E160457C}.Release|iPhone.ActiveCfg = Release|iPhone
		{46427D7D-B65C-4B22-97B9-1EC0E160457C}.Release|iPhone.Build.0 = Release|iPhone
		{46427D7D-B65C-4B22-97B9-1EC0E160457C}.Release|iPhone.Deploy.0 = Release|iPhone
		{46427D7D-B65C-4B22-97B9-1EC0E160457C}.Release|iPhoneSimulator.ActiveCfg = Release|iPhoneSimulator
		{46427D7D-B65C-4B22-97B9-1EC0E160457C}.Release|iPhoneSimulator.Build.0 = Release|iPhoneSimulator
		{46427D7D-B65C-4B22-97B9-1EC0E160457C}.Release|iPhoneSimulator.Deploy.0 = Release|iPhoneSimulator
		{9F1463C5-41CF-4B49-A1C3-F234B1A9F0F4}.Debug|Any CPU.ActiveCfg = Debug|Any CPU
		{9F1463C5-41CF-4B49-A1C3-F234B1A9F0F4}.Debug|Any CPU.Build.0 = Debug|Any CPU
		{9F1463C5-41CF-4B49-A1C3-F234B1A9F0F4}.Debug|Any CPU.Deploy.0 = Debug|Any CPU
		{9F1463C5-41CF-4B49-A1C3-F234B1A9F0F4}.Debug|iPhone.ActiveCfg = Debug|Any CPU
		{9F1463C5-41CF-4B49-A1C3-F234B1A9F0F4}.Debug|iPhone.Build.0 = Debug|Any CPU
		{9F1463C5-41CF-4B49-A1C3-F234B1A9F0F4}.Debug|iPhone.Deploy.0 = Debug|Any CPU
		{9F1463C5-41CF-4B49-A1C3-F234B1A9F0F4}.Debug|iPhoneSimulator.ActiveCfg = Debug|Any CPU
		{9F1463C5-41CF-4B49-A1C3-F234B1A9F0F4}.Debug|iPhoneSimulator.Build.0 = Debug|Any CPU
		{9F1463C5-41CF-4B49-A1C3-F234B1A9F0F4}.Debug|iPhoneSimulator.Deploy.0 = Debug|Any CPU
		{9F1463C5-41CF-4B49-A1C3-F234B1A9F0F4}.Release|Any CPU.ActiveCfg = Release|Any CPU
		{9F1463C5-41CF-4B49-A1C3-F234B1A9F0F4}.Release|Any CPU.Build.0 = Release|Any CPU
		{9F1463C5-41CF-4B49-A1C3-F234B1A9F0F4}.Release|Any CPU.Deploy.0 = Release|Any CPU
		{9F1463C5-41CF-4B49-A1C3-F234B1A9F0F4}.Release|iPhone.ActiveCfg = Release|Any CPU
		{9F1463C5-41CF-4B49-A1C3-F234B1A9F0F4}.Release|iPhone.Build.0 = Release|Any CPU
		{9F1463C5-41CF-4B49-A1C3-F234B1A9F0F4}.Release|iPhone.Deploy.0 = Release|Any CPU
		{9F1463C5-41CF-4B49-A1C3-F234B1A9F0F4}.Release|iPhoneSimulator.ActiveCfg = Release|Any CPU
		{9F1463C5-41CF-4B49-A1C3-F234B1A9F0F4}.Release|iPhoneSimulator.Build.0 = Release|Any CPU
		{9F1463C5-41CF-4B49-A1C3-F234B1A9F0F4}.Release|iPhoneSimulator.Deploy.0 = Release|Any CPU
	EndGlobalSection
	GlobalSection(SolutionProperties) = preSolution
		HideSolutionNode = FALSE
	EndGlobalSection
	GlobalSection(ExtensibilityGlobals) = postSolution
		SolutionGuid = {57247FE6-1639-4721-AA5F-055A4208C312}
	EndGlobalSection
EndGlobal
